
Microsoft Visual Studio Solution File, Format Version 12.00
Project("{FAE04EC0-301F-11D3-BF4B-00C04F79EFBC}") = "PicPayBackendChallenge", "PicPayBackendChallenge\PicPayBackendChallenge.csproj", "{668E971A-3CCA-4D59-96E3-AE5B4A39E412}"
EndProject
Global
	GlobalSection(SolutionConfigurationPlatforms) = preSolution
		Debug|Any CPU = Debug|Any CPU
		Release|Any CPU = Release|Any CPU
	EndGlobalSection
	GlobalSection(ProjectConfigurationPlatforms) = postSolution
		{668E971A-3CCA-4D59-96E3-AE5B4A39E412}.Debug|Any CPU.ActiveCfg = Debug|Any CPU
		{668E971A-3CCA-4D59-96E3-AE5B4A39E412}.Debug|Any CPU.Build.0 = Debug|Any CPU
		{668E971A-3CCA-4D59-96E3-AE5B4A39E412}.Release|Any CPU.ActiveCfg = Release|Any CPU
		{668E971A-3CCA-4D59-96E3-AE5B4A39E412}.Release|Any CPU.Build.0 = Release|Any CPU
	EndGlobalSection
EndGlobal
